
Microsoft Visual Studio Solution File, Format Version 12.00
# Visual Studio Version 16
VisualStudioVersion = 16.0.30709.132
MinimumVisualStudioVersion = 10.0.40219.1
Project("{9A19103F-16F7-4668-BE54-9A1E7A4F7556}") = "SampleTest", "src\SampleTest\SampleTest.csproj", "{2E6B1D40-1E31-4E2B-BB21-D52549DB414D}"
EndProject
Project("{2150E333-8FDC-42A3-9474-1A3956D46DE8}") = "Solution Items", "Solution Items", "{70422AA2-759C-41EC-A5F9-4F3F352E2B3A}"
	ProjectSection(SolutionItems) = preProject
		.editorconfig = .editorconfig
	EndProjectSection
EndProject
Project("{9A19103F-16F7-4668-BE54-9A1E7A4F7556}") = "MiscWebApi", "src\MiscWebApi\MiscWebApi.csproj", "{E233E3A1-45A0-4F4E-8A50-D143D2A3197A}"
EndProject
Project("{9A19103F-16F7-4668-BE54-9A1E7A4F7556}") = "MiscWebApi.Test", "src\MiscWebApi.Test\MiscWebApi.Test.csproj", "{A3993478-16C9-4163-B0FC-740D4DCC687B}"
EndProject
Project("{9A19103F-16F7-4668-BE54-9A1E7A4F7556}") = "OpenApiWebApi", "src\OpenApiWebApi\OpenApiWebApi.csproj", "{5551F546-AFD2-448B-8313-062712B02CC4}"
EndProject
Project("{9A19103F-16F7-4668-BE54-9A1E7A4F7556}") = "ModelBindingWebApp", "src\ModelBindingWebApp\ModelBindingWebApp.csproj", "{756760D5-6DFC-42EF-86B1-91FB914FAC73}"
EndProject
Project("{9A19103F-16F7-4668-BE54-9A1E7A4F7556}") = "ModelBindingWebApp.Test", "src\ModelBindingWebApp.Test\ModelBindingWebApp.Test.csproj", "{DE7E8983-CA5D-48E4-B483-9CB18811A252}"
EndProject
Project("{FAE04EC0-301F-11D3-BF4B-00C04F79EFBC}") = "SampleLib", "src\SampleLib\SampleLib.csproj", "{5A05923F-DF5E-4AB0-BC98-291C54711848}"
EndProject
Project("{FAE04EC0-301F-11D3-BF4B-00C04F79EFBC}") = "SampleLib.Test", "src\SampleLib.Test\SampleLib.Test.csproj", "{514329FD-E855-4100-AE69-09E0C0D65005}"
EndProject
Global
	GlobalSection(SolutionConfigurationPlatforms) = preSolution
		Debug|Any CPU = Debug|Any CPU
		Release|Any CPU = Release|Any CPU
	EndGlobalSection
	GlobalSection(ProjectConfigurationPlatforms) = postSolution
		{2E6B1D40-1E31-4E2B-BB21-D52549DB414D}.Debug|Any CPU.ActiveCfg = Debug|Any CPU
		{2E6B1D40-1E31-4E2B-BB21-D52549DB414D}.Debug|Any CPU.Build.0 = Debug|Any CPU
		{2E6B1D40-1E31-4E2B-BB21-D52549DB414D}.Release|Any CPU.ActiveCfg = Release|Any CPU
		{2E6B1D40-1E31-4E2B-BB21-D52549DB414D}.Release|Any CPU.Build.0 = Release|Any CPU
		{E233E3A1-45A0-4F4E-8A50-D143D2A3197A}.Debug|Any CPU.ActiveCfg = Debug|Any CPU
		{E233E3A1-45A0-4F4E-8A50-D143D2A3197A}.Debug|Any CPU.Build.0 = Debug|Any CPU
		{E233E3A1-45A0-4F4E-8A50-D143D2A3197A}.Release|Any CPU.ActiveCfg = Release|Any CPU
		{E233E3A1-45A0-4F4E-8A50-D143D2A3197A}.Release|Any CPU.Build.0 = Release|Any CPU
		{A3993478-16C9-4163-B0FC-740D4DCC687B}.Debug|Any CPU.ActiveCfg = Debug|Any CPU
		{A3993478-16C9-4163-B0FC-740D4DCC687B}.Debug|Any CPU.Build.0 = Debug|Any CPU
		{A3993478-16C9-4163-B0FC-740D4DCC687B}.Release|Any CPU.ActiveCfg = Release|Any CPU
		{A3993478-16C9-4163-B0FC-740D4DCC687B}.Release|Any CPU.Build.0 = Release|Any CPU
		{5551F546-AFD2-448B-8313-062712B02CC4}.Debug|Any CPU.ActiveCfg = Debug|Any CPU
		{5551F546-AFD2-448B-8313-062712B02CC4}.Debug|Any CPU.Build.0 = Debug|Any CPU
		{5551F546-AFD2-448B-8313-062712B02CC4}.Release|Any CPU.ActiveCfg = Release|Any CPU
		{5551F546-AFD2-448B-8313-062712B02CC4}.Release|Any CPU.Build.0 = Release|Any CPU
		{756760D5-6DFC-42EF-86B1-91FB914FAC73}.Debug|Any CPU.ActiveCfg = Debug|Any CPU
		{756760D5-6DFC-42EF-86B1-91FB914FAC73}.Debug|Any CPU.Build.0 = Debug|Any CPU
		{756760D5-6DFC-42EF-86B1-91FB914FAC73}.Release|Any CPU.ActiveCfg = Release|Any CPU
		{756760D5-6DFC-42EF-86B1-91FB914FAC73}.Release|Any CPU.Build.0 = Release|Any CPU
		{DE7E8983-CA5D-48E4-B483-9CB18811A252}.Debug|Any CPU.ActiveCfg = Debug|Any CPU
		{DE7E8983-CA5D-48E4-B483-9CB18811A252}.Debug|Any CPU.Build.0 = Debug|Any CPU
		{DE7E8983-CA5D-48E4-B483-9CB18811A252}.Release|Any CPU.ActiveCfg = Release|Any CPU
		{DE7E8983-CA5D-48E4-B483-9CB18811A252}.Release|Any CPU.Build.0 = Release|Any CPU
		{5A05923F-DF5E-4AB0-BC98-291C54711848}.Debug|Any CPU.ActiveCfg = Debug|Any CPU
		{5A05923F-DF5E-4AB0-BC98-291C54711848}.Debug|Any CPU.Build.0 = Debug|Any CPU
		{5A05923F-DF5E-4AB0-BC98-291C54711848}.Release|Any CPU.ActiveCfg = Release|Any CPU
		{5A05923F-DF5E-4AB0-BC98-291C54711848}.Release|Any CPU.Build.0 = Release|Any CPU
		{514329FD-E855-4100-AE69-09E0C0D65005}.Debug|Any CPU.ActiveCfg = Debug|Any CPU
		{514329FD-E855-4100-AE69-09E0C0D65005}.Debug|Any CPU.Build.0 = Debug|Any CPU
		{514329FD-E855-4100-AE69-09E0C0D65005}.Release|Any CPU.ActiveCfg = Release|Any CPU
		{514329FD-E855-4100-AE69-09E0C0D65005}.Release|Any CPU.Build.0 = Release|Any CPU
	EndGlobalSection
	GlobalSection(SolutionProperties) = preSolution
		HideSolutionNode = FALSE
	EndGlobalSection
	GlobalSection(ExtensibilityGlobals) = postSolution
		SolutionGuid = {D8A5A7FA-225F-46ED-9227-A5AB57BDF755}
	EndGlobalSection
EndGlobal
