
Microsoft Visual Studio Solution File, Format Version 12.00
# Visual Studio Version 16
VisualStudioVersion = 16.0.30709.132
MinimumVisualStudioVersion = 10.0.40219.1
Project("{9A19103F-16F7-4668-BE54-9A1E7A4F7556}") = "SampleTest", "src\SampleTest\SampleTest.csproj", "{2E6B1D40-1E31-4E2B-BB21-D52549DB414D}"
EndProject
Project("{2150E333-8FDC-42A3-9474-1A3956D46DE8}") = "Solution Items", "Solution Items", "{70422AA2-759C-41EC-A5F9-4F3F352E2B3A}"
	ProjectSection(SolutionItems) = preProject
		.editorconfig = .editorconfig
	EndProjectSection
EndProject
Project("{9A19103F-16F7-4668-BE54-9A1E7A4F7556}") = "MiscWebApi", "src\MiscWebApi\MiscWebApi.csproj", "{E233E3A1-45A0-4F4E-8A50-D143D2A3197A}"
EndProject
Project("{9A19103F-16F7-4668-BE54-9A1E7A4F7556}") = "MiscWebApi.Test", "src\MiscWebApi.Test\MiscWebApi.Test.csproj", "{A3993478-16C9-4163-B0FC-740D4DCC687B}"
EndProject
Project("{9A19103F-16F7-4668-BE54-9A1E7A4F7556}") = "OpenApiWebApi", "src\OpenApiWebApi\OpenApiWebApi.csproj", "{5551F546-AFD2-448B-8313-062712B02CC4}"
EndProject
Project("{9A19103F-16F7-4668-BE54-9A1E7A4F7556}") = "ModelBindingWebApp", "src\ModelBindingWebApp\ModelBindingWebApp.csproj", "{756760D5-6DFC-42EF-86B1-91FB914FAC73}"
EndProject
Project("{9A19103F-16F7-4668-BE54-9A1E7A4F7556}") = "ModelBindingWebApp.Test", "src\ModelBindingWebApp.Test\ModelBindingWebApp.Test.csproj", "{DE7E8983-CA5D-48E4-B483-9CB18811A252}"
EndProject
Project("{9A19103F-16F7-4668-BE54-9A1E7A4F7556}") = "SampleLib", "src\SampleLib\SampleLib.csproj", "{5A05923F-DF5E-4AB0-BC98-291C54711848}"
EndProject
Project("{9A19103F-16F7-4668-BE54-9A1E7A4F7556}") = "SampleLib.Test", "src\SampleLib.Test\SampleLib.Test.csproj", "{514329FD-E855-4100-AE69-09E0C0D65005}"
EndProject
Project("{9A19103F-16F7-4668-BE54-9A1E7A4F7556}") = "MiscWebApp", "src\MiscWebApp\MiscWebApp.csproj", "{96A38E1B-714A-46CE-93DB-CAD8CF535BEE}"
EndProject
Project("{9A19103F-16F7-4668-BE54-9A1E7A4F7556}") = "MiscWebApp.Test", "src\MiscWebApp.Test\MiscWebApp.Test.csproj", "{587D0410-C40D-499D-B416-83427D057A21}"
EndProject
Project("{9A19103F-16F7-4668-BE54-9A1E7A4F7556}") = "NamedPipeConsoleApp", "src\NamedPipeConsoleApp\NamedPipeConsoleApp.csproj", "{D75D32D2-763E-4A91-9E1F-4AEDA6654C48}"
EndProject
Project("{9A19103F-16F7-4668-BE54-9A1E7A4F7556}") = "UdpConsoleApp", "src\UdpConsoleApp\UdpConsoleApp.csproj", "{EDB0769B-287A-4F82-98BF-E46B2CE2035B}"
EndProject
Project("{9A19103F-16F7-4668-BE54-9A1E7A4F7556}") = "TcpConsoleApp", "src\TcpConsoleApp\TcpConsoleApp.csproj", "{3EFDD1D1-119B-4841-9F53-B984F2C75C1E}"
EndProject
Project("{9A19103F-16F7-4668-BE54-9A1E7A4F7556}") = "GenericHostConsoleApp", "src\GenericHostConsoleApp\GenericHostConsoleApp.csproj", "{44D42FCB-45B0-4CE3-9C30-E140E843F736}"
EndProject
Project("{9A19103F-16F7-4668-BE54-9A1E7A4F7556}") = "GenericHostOnceConsoleApp", "src\GenericHostOnceConsoleApp\GenericHostOnceConsoleApp.csproj", "{F07FC18D-C309-4AFA-8C98-BB1818025ABA}"
EndProject
Project("{2150E333-8FDC-42A3-9474-1A3956D46DE8}") = "Console", "Console", "{798EF2B5-D82E-49ED-8EDE-BD3B20040D59}"
EndProject
Project("{2150E333-8FDC-42A3-9474-1A3956D46DE8}") = "Web", "Web", "{512A5E50-BE18-4761-BA83-E56F4EC43B9E}"
EndProject
Project("{9A19103F-16F7-4668-BE54-9A1E7A4F7556}") = "SessionWebApp", "src\SessionWebApp\SessionWebApp.csproj", "{096308B7-7C74-4BAB-B716-B7FCB3F2F5AA}"
EndProject
Project("{9A19103F-16F7-4668-BE54-9A1E7A4F7556}") = "TagHelperWebApp", "src\TagHelperWebApp\TagHelperWebApp.csproj", "{40713E23-9766-4A9C-8DCF-F3CD3716F6C6}"
EndProject
Project("{9A19103F-16F7-4668-BE54-9A1E7A4F7556}") = "MiddlewareWebApp", "src\MiddlewareWebApp\MiddlewareWebApp.csproj", "{9C4CC5CE-3415-4186-B269-F42C9F71685F}"
EndProject
Project("{9A19103F-16F7-4668-BE54-9A1E7A4F7556}") = "AntiForgeryWebApp", "src\AntiForgeryWebApp\AntiForgeryWebApp.csproj", "{F8E28BDF-27A9-4279-B604-49BC8D59A901}"
EndProject
Project("{9A19103F-16F7-4668-BE54-9A1E7A4F7556}") = "AsyncSuffixTrimmedWebApp", "src\AsyncSuffixTrimmedWebApp\AsyncSuffixTrimmedWebApp.csproj", "{A83998A6-E4C7-4C39-8AA9-25C4608002E9}"
EndProject
Global
	GlobalSection(SolutionConfigurationPlatforms) = preSolution
		Debug|Any CPU = Debug|Any CPU
		Release|Any CPU = Release|Any CPU
	EndGlobalSection
	GlobalSection(ProjectConfigurationPlatforms) = postSolution
		{2E6B1D40-1E31-4E2B-BB21-D52549DB414D}.Debug|Any CPU.ActiveCfg = Debug|Any CPU
		{2E6B1D40-1E31-4E2B-BB21-D52549DB414D}.Debug|Any CPU.Build.0 = Debug|Any CPU
		{2E6B1D40-1E31-4E2B-BB21-D52549DB414D}.Release|Any CPU.ActiveCfg = Release|Any CPU
		{2E6B1D40-1E31-4E2B-BB21-D52549DB414D}.Release|Any CPU.Build.0 = Release|Any CPU
		{E233E3A1-45A0-4F4E-8A50-D143D2A3197A}.Debug|Any CPU.ActiveCfg = Debug|Any CPU
		{E233E3A1-45A0-4F4E-8A50-D143D2A3197A}.Debug|Any CPU.Build.0 = Debug|Any CPU
		{E233E3A1-45A0-4F4E-8A50-D143D2A3197A}.Release|Any CPU.ActiveCfg = Release|Any CPU
		{E233E3A1-45A0-4F4E-8A50-D143D2A3197A}.Release|Any CPU.Build.0 = Release|Any CPU
		{A3993478-16C9-4163-B0FC-740D4DCC687B}.Debug|Any CPU.ActiveCfg = Debug|Any CPU
		{A3993478-16C9-4163-B0FC-740D4DCC687B}.Debug|Any CPU.Build.0 = Debug|Any CPU
		{A3993478-16C9-4163-B0FC-740D4DCC687B}.Release|Any CPU.ActiveCfg = Release|Any CPU
		{A3993478-16C9-4163-B0FC-740D4DCC687B}.Release|Any CPU.Build.0 = Release|Any CPU
		{5551F546-AFD2-448B-8313-062712B02CC4}.Debug|Any CPU.ActiveCfg = Debug|Any CPU
		{5551F546-AFD2-448B-8313-062712B02CC4}.Debug|Any CPU.Build.0 = Debug|Any CPU
		{5551F546-AFD2-448B-8313-062712B02CC4}.Release|Any CPU.ActiveCfg = Release|Any CPU
		{5551F546-AFD2-448B-8313-062712B02CC4}.Release|Any CPU.Build.0 = Release|Any CPU
		{756760D5-6DFC-42EF-86B1-91FB914FAC73}.Debug|Any CPU.ActiveCfg = Debug|Any CPU
		{756760D5-6DFC-42EF-86B1-91FB914FAC73}.Debug|Any CPU.Build.0 = Debug|Any CPU
		{756760D5-6DFC-42EF-86B1-91FB914FAC73}.Release|Any CPU.ActiveCfg = Release|Any CPU
		{756760D5-6DFC-42EF-86B1-91FB914FAC73}.Release|Any CPU.Build.0 = Release|Any CPU
		{DE7E8983-CA5D-48E4-B483-9CB18811A252}.Debug|Any CPU.ActiveCfg = Debug|Any CPU
		{DE7E8983-CA5D-48E4-B483-9CB18811A252}.Debug|Any CPU.Build.0 = Debug|Any CPU
		{DE7E8983-CA5D-48E4-B483-9CB18811A252}.Release|Any CPU.ActiveCfg = Release|Any CPU
		{DE7E8983-CA5D-48E4-B483-9CB18811A252}.Release|Any CPU.Build.0 = Release|Any CPU
		{5A05923F-DF5E-4AB0-BC98-291C54711848}.Debug|Any CPU.ActiveCfg = Debug|Any CPU
		{5A05923F-DF5E-4AB0-BC98-291C54711848}.Debug|Any CPU.Build.0 = Debug|Any CPU
		{5A05923F-DF5E-4AB0-BC98-291C54711848}.Release|Any CPU.ActiveCfg = Release|Any CPU
		{5A05923F-DF5E-4AB0-BC98-291C54711848}.Release|Any CPU.Build.0 = Release|Any CPU
		{514329FD-E855-4100-AE69-09E0C0D65005}.Debug|Any CPU.ActiveCfg = Debug|Any CPU
		{514329FD-E855-4100-AE69-09E0C0D65005}.Debug|Any CPU.Build.0 = Debug|Any CPU
		{514329FD-E855-4100-AE69-09E0C0D65005}.Release|Any CPU.ActiveCfg = Release|Any CPU
		{514329FD-E855-4100-AE69-09E0C0D65005}.Release|Any CPU.Build.0 = Release|Any CPU
		{96A38E1B-714A-46CE-93DB-CAD8CF535BEE}.Debug|Any CPU.ActiveCfg = Debug|Any CPU
		{96A38E1B-714A-46CE-93DB-CAD8CF535BEE}.Debug|Any CPU.Build.0 = Debug|Any CPU
		{96A38E1B-714A-46CE-93DB-CAD8CF535BEE}.Release|Any CPU.ActiveCfg = Release|Any CPU
		{96A38E1B-714A-46CE-93DB-CAD8CF535BEE}.Release|Any CPU.Build.0 = Release|Any CPU
		{587D0410-C40D-499D-B416-83427D057A21}.Debug|Any CPU.ActiveCfg = Debug|Any CPU
		{587D0410-C40D-499D-B416-83427D057A21}.Debug|Any CPU.Build.0 = Debug|Any CPU
		{587D0410-C40D-499D-B416-83427D057A21}.Release|Any CPU.ActiveCfg = Release|Any CPU
		{587D0410-C40D-499D-B416-83427D057A21}.Release|Any CPU.Build.0 = Release|Any CPU
		{D75D32D2-763E-4A91-9E1F-4AEDA6654C48}.Debug|Any CPU.ActiveCfg = Debug|Any CPU
		{D75D32D2-763E-4A91-9E1F-4AEDA6654C48}.Debug|Any CPU.Build.0 = Debug|Any CPU
		{D75D32D2-763E-4A91-9E1F-4AEDA6654C48}.Release|Any CPU.ActiveCfg = Release|Any CPU
		{D75D32D2-763E-4A91-9E1F-4AEDA6654C48}.Release|Any CPU.Build.0 = Release|Any CPU
		{EDB0769B-287A-4F82-98BF-E46B2CE2035B}.Debug|Any CPU.ActiveCfg = Debug|Any CPU
		{EDB0769B-287A-4F82-98BF-E46B2CE2035B}.Debug|Any CPU.Build.0 = Debug|Any CPU
		{EDB0769B-287A-4F82-98BF-E46B2CE2035B}.Release|Any CPU.ActiveCfg = Release|Any CPU
		{EDB0769B-287A-4F82-98BF-E46B2CE2035B}.Release|Any CPU.Build.0 = Release|Any CPU
		{3EFDD1D1-119B-4841-9F53-B984F2C75C1E}.Debug|Any CPU.ActiveCfg = Debug|Any CPU
		{3EFDD1D1-119B-4841-9F53-B984F2C75C1E}.Debug|Any CPU.Build.0 = Debug|Any CPU
		{3EFDD1D1-119B-4841-9F53-B984F2C75C1E}.Release|Any CPU.ActiveCfg = Release|Any CPU
		{3EFDD1D1-119B-4841-9F53-B984F2C75C1E}.Release|Any CPU.Build.0 = Release|Any CPU
		{44D42FCB-45B0-4CE3-9C30-E140E843F736}.Debug|Any CPU.ActiveCfg = Debug|Any CPU
		{44D42FCB-45B0-4CE3-9C30-E140E843F736}.Debug|Any CPU.Build.0 = Debug|Any CPU
		{44D42FCB-45B0-4CE3-9C30-E140E843F736}.Release|Any CPU.ActiveCfg = Release|Any CPU
		{44D42FCB-45B0-4CE3-9C30-E140E843F736}.Release|Any CPU.Build.0 = Release|Any CPU
		{F07FC18D-C309-4AFA-8C98-BB1818025ABA}.Debug|Any CPU.ActiveCfg = Debug|Any CPU
		{F07FC18D-C309-4AFA-8C98-BB1818025ABA}.Debug|Any CPU.Build.0 = Debug|Any CPU
		{F07FC18D-C309-4AFA-8C98-BB1818025ABA}.Release|Any CPU.ActiveCfg = Release|Any CPU
		{F07FC18D-C309-4AFA-8C98-BB1818025ABA}.Release|Any CPU.Build.0 = Release|Any CPU
		{096308B7-7C74-4BAB-B716-B7FCB3F2F5AA}.Debug|Any CPU.ActiveCfg = Debug|Any CPU
		{096308B7-7C74-4BAB-B716-B7FCB3F2F5AA}.Debug|Any CPU.Build.0 = Debug|Any CPU
		{096308B7-7C74-4BAB-B716-B7FCB3F2F5AA}.Release|Any CPU.ActiveCfg = Release|Any CPU
		{096308B7-7C74-4BAB-B716-B7FCB3F2F5AA}.Release|Any CPU.Build.0 = Release|Any CPU
		{40713E23-9766-4A9C-8DCF-F3CD3716F6C6}.Debug|Any CPU.ActiveCfg = Debug|Any CPU
		{40713E23-9766-4A9C-8DCF-F3CD3716F6C6}.Debug|Any CPU.Build.0 = Debug|Any CPU
		{40713E23-9766-4A9C-8DCF-F3CD3716F6C6}.Release|Any CPU.ActiveCfg = Release|Any CPU
		{40713E23-9766-4A9C-8DCF-F3CD3716F6C6}.Release|Any CPU.Build.0 = Release|Any CPU
		{9C4CC5CE-3415-4186-B269-F42C9F71685F}.Debug|Any CPU.ActiveCfg = Debug|Any CPU
		{9C4CC5CE-3415-4186-B269-F42C9F71685F}.Debug|Any CPU.Build.0 = Debug|Any CPU
		{9C4CC5CE-3415-4186-B269-F42C9F71685F}.Release|Any CPU.ActiveCfg = Release|Any CPU
		{9C4CC5CE-3415-4186-B269-F42C9F71685F}.Release|Any CPU.Build.0 = Release|Any CPU
		{F8E28BDF-27A9-4279-B604-49BC8D59A901}.Debug|Any CPU.ActiveCfg = Debug|Any CPU
		{F8E28BDF-27A9-4279-B604-49BC8D59A901}.Debug|Any CPU.Build.0 = Debug|Any CPU
		{F8E28BDF-27A9-4279-B604-49BC8D59A901}.Release|Any CPU.ActiveCfg = Release|Any CPU
		{F8E28BDF-27A9-4279-B604-49BC8D59A901}.Release|Any CPU.Build.0 = Release|Any CPU
		{A83998A6-E4C7-4C39-8AA9-25C4608002E9}.Debug|Any CPU.ActiveCfg = Debug|Any CPU
		{A83998A6-E4C7-4C39-8AA9-25C4608002E9}.Debug|Any CPU.Build.0 = Debug|Any CPU
		{A83998A6-E4C7-4C39-8AA9-25C4608002E9}.Release|Any CPU.ActiveCfg = Release|Any CPU
		{A83998A6-E4C7-4C39-8AA9-25C4608002E9}.Release|Any CPU.Build.0 = Release|Any CPU
	EndGlobalSection
	GlobalSection(SolutionProperties) = preSolution
		HideSolutionNode = FALSE
	EndGlobalSection
	GlobalSection(NestedProjects) = preSolution
		{E233E3A1-45A0-4F4E-8A50-D143D2A3197A} = {512A5E50-BE18-4761-BA83-E56F4EC43B9E}
		{A3993478-16C9-4163-B0FC-740D4DCC687B} = {512A5E50-BE18-4761-BA83-E56F4EC43B9E}
		{5551F546-AFD2-448B-8313-062712B02CC4} = {512A5E50-BE18-4761-BA83-E56F4EC43B9E}
		{756760D5-6DFC-42EF-86B1-91FB914FAC73} = {512A5E50-BE18-4761-BA83-E56F4EC43B9E}
		{DE7E8983-CA5D-48E4-B483-9CB18811A252} = {512A5E50-BE18-4761-BA83-E56F4EC43B9E}
		{96A38E1B-714A-46CE-93DB-CAD8CF535BEE} = {512A5E50-BE18-4761-BA83-E56F4EC43B9E}
		{587D0410-C40D-499D-B416-83427D057A21} = {512A5E50-BE18-4761-BA83-E56F4EC43B9E}
		{D75D32D2-763E-4A91-9E1F-4AEDA6654C48} = {798EF2B5-D82E-49ED-8EDE-BD3B20040D59}
		{EDB0769B-287A-4F82-98BF-E46B2CE2035B} = {798EF2B5-D82E-49ED-8EDE-BD3B20040D59}
		{3EFDD1D1-119B-4841-9F53-B984F2C75C1E} = {798EF2B5-D82E-49ED-8EDE-BD3B20040D59}
		{44D42FCB-45B0-4CE3-9C30-E140E843F736} = {798EF2B5-D82E-49ED-8EDE-BD3B20040D59}
		{F07FC18D-C309-4AFA-8C98-BB1818025ABA} = {798EF2B5-D82E-49ED-8EDE-BD3B20040D59}
		{096308B7-7C74-4BAB-B716-B7FCB3F2F5AA} = {512A5E50-BE18-4761-BA83-E56F4EC43B9E}
		{40713E23-9766-4A9C-8DCF-F3CD3716F6C6} = {512A5E50-BE18-4761-BA83-E56F4EC43B9E}
		{9C4CC5CE-3415-4186-B269-F42C9F71685F} = {512A5E50-BE18-4761-BA83-E56F4EC43B9E}
		{F8E28BDF-27A9-4279-B604-49BC8D59A901} = {512A5E50-BE18-4761-BA83-E56F4EC43B9E}
		{A83998A6-E4C7-4C39-8AA9-25C4608002E9} = {512A5E50-BE18-4761-BA83-E56F4EC43B9E}
	EndGlobalSection
	GlobalSection(ExtensibilityGlobals) = postSolution
		SolutionGuid = {D8A5A7FA-225F-46ED-9227-A5AB57BDF755}
	EndGlobalSection
EndGlobal
