
Microsoft Visual Studio Solution File, Format Version 12.00
# Visual Studio Version 17
VisualStudioVersion = 17.0.31903.59
MinimumVisualStudioVersion = 10.0.40219.1
Project("{9A19103F-16F7-4668-BE54-9A1E7A4F7556}") = "SampleTest", "src\SampleTest\SampleTest.csproj", "{2E6B1D40-1E31-4E2B-BB21-D52549DB414D}"
EndProject
Project("{2150E333-8FDC-42A3-9474-1A3956D46DE8}") = "Solution Items", "Solution Items", "{70422AA2-759C-41EC-A5F9-4F3F352E2B3A}"
	ProjectSection(SolutionItems) = preProject
		.editorconfig = .editorconfig
		Directory.Build.props = Directory.Build.props
	EndProjectSection
EndProject
Project("{9A19103F-16F7-4668-BE54-9A1E7A4F7556}") = "MiscWebApi", "src\MiscWebApi\MiscWebApi.csproj", "{E233E3A1-45A0-4F4E-8A50-D143D2A3197A}"
EndProject
Project("{9A19103F-16F7-4668-BE54-9A1E7A4F7556}") = "MiscWebApi.Test", "src\MiscWebApi.Test\MiscWebApi.Test.csproj", "{A3993478-16C9-4163-B0FC-740D4DCC687B}"
EndProject
Project("{9A19103F-16F7-4668-BE54-9A1E7A4F7556}") = "OpenApiWebApi", "src\OpenApiWebApi\OpenApiWebApi.csproj", "{5551F546-AFD2-448B-8313-062712B02CC4}"
EndProject
Project("{9A19103F-16F7-4668-BE54-9A1E7A4F7556}") = "ModelBindingWebApp", "src\ModelBindingWebApp\ModelBindingWebApp.csproj", "{756760D5-6DFC-42EF-86B1-91FB914FAC73}"
EndProject
Project("{9A19103F-16F7-4668-BE54-9A1E7A4F7556}") = "ModelBindingWebApp.Test", "src\ModelBindingWebApp.Test\ModelBindingWebApp.Test.csproj", "{DE7E8983-CA5D-48E4-B483-9CB18811A252}"
EndProject
Project("{9A19103F-16F7-4668-BE54-9A1E7A4F7556}") = "SampleLib", "src\SampleLib\SampleLib.csproj", "{5A05923F-DF5E-4AB0-BC98-291C54711848}"
EndProject
Project("{9A19103F-16F7-4668-BE54-9A1E7A4F7556}") = "SampleLib.Test", "src\SampleLib.Test\SampleLib.Test.csproj", "{514329FD-E855-4100-AE69-09E0C0D65005}"
EndProject
Project("{9A19103F-16F7-4668-BE54-9A1E7A4F7556}") = "MiscWebApp", "src\MiscWebApp\MiscWebApp.csproj", "{96A38E1B-714A-46CE-93DB-CAD8CF535BEE}"
EndProject
Project("{9A19103F-16F7-4668-BE54-9A1E7A4F7556}") = "MiscWebApp.Test", "src\MiscWebApp.Test\MiscWebApp.Test.csproj", "{587D0410-C40D-499D-B416-83427D057A21}"
EndProject
Project("{9A19103F-16F7-4668-BE54-9A1E7A4F7556}") = "NamedPipeConsoleApp", "src\NamedPipeConsoleApp\NamedPipeConsoleApp.csproj", "{D75D32D2-763E-4A91-9E1F-4AEDA6654C48}"
EndProject
Project("{9A19103F-16F7-4668-BE54-9A1E7A4F7556}") = "UdpConsoleApp", "src\UdpConsoleApp\UdpConsoleApp.csproj", "{EDB0769B-287A-4F82-98BF-E46B2CE2035B}"
EndProject
Project("{9A19103F-16F7-4668-BE54-9A1E7A4F7556}") = "TcpConsoleApp", "src\TcpConsoleApp\TcpConsoleApp.csproj", "{3EFDD1D1-119B-4841-9F53-B984F2C75C1E}"
EndProject
Project("{9A19103F-16F7-4668-BE54-9A1E7A4F7556}") = "GenericHostConsoleApp", "src\GenericHostConsoleApp\GenericHostConsoleApp.csproj", "{44D42FCB-45B0-4CE3-9C30-E140E843F736}"
EndProject
Project("{9A19103F-16F7-4668-BE54-9A1E7A4F7556}") = "GenericHostOnceConsoleApp", "src\GenericHostOnceConsoleApp\GenericHostOnceConsoleApp.csproj", "{F07FC18D-C309-4AFA-8C98-BB1818025ABA}"
EndProject
Project("{2150E333-8FDC-42A3-9474-1A3956D46DE8}") = "Console", "Console", "{798EF2B5-D82E-49ED-8EDE-BD3B20040D59}"
EndProject
Project("{2150E333-8FDC-42A3-9474-1A3956D46DE8}") = "Web", "Web", "{512A5E50-BE18-4761-BA83-E56F4EC43B9E}"
EndProject
Project("{9A19103F-16F7-4668-BE54-9A1E7A4F7556}") = "SessionWebApp", "src\SessionWebApp\SessionWebApp.csproj", "{096308B7-7C74-4BAB-B716-B7FCB3F2F5AA}"
EndProject
Project("{9A19103F-16F7-4668-BE54-9A1E7A4F7556}") = "TagHelperWebApp", "src\TagHelperWebApp\TagHelperWebApp.csproj", "{40713E23-9766-4A9C-8DCF-F3CD3716F6C6}"
EndProject
Project("{9A19103F-16F7-4668-BE54-9A1E7A4F7556}") = "MiddlewareWebApp", "src\MiddlewareWebApp\MiddlewareWebApp.csproj", "{9C4CC5CE-3415-4186-B269-F42C9F71685F}"
EndProject
Project("{9A19103F-16F7-4668-BE54-9A1E7A4F7556}") = "AntiForgeryWebApp", "src\AntiForgeryWebApp\AntiForgeryWebApp.csproj", "{F8E28BDF-27A9-4279-B604-49BC8D59A901}"
EndProject
Project("{9A19103F-16F7-4668-BE54-9A1E7A4F7556}") = "AsyncSuffixTrimmedWebApp", "src\AsyncSuffixTrimmedWebApp\AsyncSuffixTrimmedWebApp.csproj", "{A83998A6-E4C7-4C39-8AA9-25C4608002E9}"
EndProject
Project("{9A19103F-16F7-4668-BE54-9A1E7A4F7556}") = "BasicAuthnWebApp", "src\BasicAuthnWebApp\BasicAuthnWebApp.csproj", "{46683DC3-6D15-4637-A309-7D58D4A72BB0}"
EndProject
Project("{9A19103F-16F7-4668-BE54-9A1E7A4F7556}") = "BasicAuthnWebApp.Test", "src\BasicAuthnWebApp.Test\BasicAuthnWebApp.Test.csproj", "{BE9A0FAD-8BD6-4018-BEE7-331EB5E3E461}"
EndProject
Project("{9A19103F-16F7-4668-BE54-9A1E7A4F7556}") = "CookieAuthnWebApp", "src\CookieAuthnWebApp\CookieAuthnWebApp.csproj", "{A90FE479-2DA2-42F4-B771-D6E8B4163116}"
EndProject
Project("{9A19103F-16F7-4668-BE54-9A1E7A4F7556}") = "CookieAuthnWebApp.Test", "src\CookieAuthnWebApp.Test\CookieAuthnWebApp.Test.csproj", "{DE492D87-1FE4-4417-B025-87E39C7A7697}"
EndProject
Project("{9A19103F-16F7-4668-BE54-9A1E7A4F7556}") = "ControllerWebApp", "src\ControllerWebApp\ControllerWebApp.csproj", "{2646AE7A-7F80-4644-9E61-84340314DE8C}"
EndProject
Project("{9A19103F-16F7-4668-BE54-9A1E7A4F7556}") = "DistributedCacheWebApp", "src\DistributedCacheWebApp\DistributedCacheWebApp.csproj", "{1A567275-2580-4779-BA44-47DBA8DD8559}"
EndProject
Project("{9A19103F-16F7-4668-BE54-9A1E7A4F7556}") = "EndpointWebApp", "src\EndpointWebApp\EndpointWebApp.csproj", "{5B46D582-FC21-4A36-B8D0-310602BB75BC}"
EndProject
Project("{9A19103F-16F7-4668-BE54-9A1E7A4F7556}") = "FallbackRouteWebApp", "src\FallbackRouteWebApp\FallbackRouteWebApp.csproj", "{5FF76C48-6209-4FCA-99BC-725642F72962}"
EndProject
Project("{9A19103F-16F7-4668-BE54-9A1E7A4F7556}") = "OptionPatternWebApp", "src\OptionPatternWebApp\OptionPatternWebApp.csproj", "{79E423F7-73F0-49B2-9BF6-AA8FF2763830}"
EndProject
Project("{9A19103F-16F7-4668-BE54-9A1E7A4F7556}") = "PolicyAuthzWebApp", "src\PolicyAuthzWebApp\PolicyAuthzWebApp.csproj", "{ACAB1F35-BA94-4EA5-9A8A-7B81AD234F7E}"
EndProject
Project("{9A19103F-16F7-4668-BE54-9A1E7A4F7556}") = "AzureAppInsightsWebApp", "src\AzureAppInsightsWebApp\AzureAppInsightsWebApp.csproj", "{C9A670AD-E62E-4D86-AB8A-688BD9F878C8}"
EndProject
Project("{9A19103F-16F7-4668-BE54-9A1E7A4F7556}") = "AzureStorageConsoleApp", "src\AzureStorageConsoleApp\AzureStorageConsoleApp.csproj", "{74ED9CA3-9C4C-431C-87D5-031F2158E937}"
EndProject
Project("{9A19103F-16F7-4668-BE54-9A1E7A4F7556}") = "AzureCacheForRedisConsoleApp", "src\AzureCacheForRedisConsoleApp\AzureCacheForRedisConsoleApp.csproj", "{BB47EDD7-02B8-4BEB-A27A-F2376CB76A51}"
EndProject
Project("{9A19103F-16F7-4668-BE54-9A1E7A4F7556}") = "HostedServiceWebApp", "src\HostedServiceWebApp\HostedServiceWebApp.csproj", "{7ECB039D-DD35-459A-A7B0-5A3DE3464AB2}"
EndProject
Project("{9A19103F-16F7-4668-BE54-9A1E7A4F7556}") = "AzureAdB2cWebApp", "src\AzureAdB2cWebApp\AzureAdB2cWebApp.csproj", "{42428887-28A6-4B9D-91FB-5F90D8C0D8EC}"
EndProject
Project("{9A19103F-16F7-4668-BE54-9A1E7A4F7556}") = "DigitalSignatureConsoleApp", "src\DigitalSignatureConsoleApp\DigitalSignatureConsoleApp.csproj", "{44F219D2-5F99-44A3-9481-58FBE8AA6388}"
EndProject
Project("{9A19103F-16F7-4668-BE54-9A1E7A4F7556}") = "HybridCryptoConsoleApp", "src\HybridCryptoConsoleApp\HybridCryptoConsoleApp.csproj", "{23E4E46B-86BB-486E-8EBC-831451729938}"
EndProject
Project("{9A19103F-16F7-4668-BE54-9A1E7A4F7556}") = "ViewWebApp", "src\ViewWebApp\ViewWebApp.csproj", "{D26261F7-D82A-49B1-BFDD-9FEFA6CA2EB7}"
EndProject
Project("{9A19103F-16F7-4668-BE54-9A1E7A4F7556}") = "ViewComponentWebApp", "src\ViewComponentWebApp\ViewComponentWebApp.csproj", "{53ACC366-37E0-413A-B9E9-C4B07FF20906}"
EndProject
Project("{9A19103F-16F7-4668-BE54-9A1E7A4F7556}") = "MinimalWebApi", "src\MinimalWebApi\MinimalWebApi.csproj", "{2BEBF83A-638E-43D9-BCA1-1C4949554B2A}"
EndProject
Project("{9A19103F-16F7-4668-BE54-9A1E7A4F7556}") = "LocalizationWebApp", "src\LocalizationWebApp\LocalizationWebApp.csproj", "{F9802D27-7A90-40D3-ADC3-3D50B39F7206}"
EndProject
Project("{9A19103F-16F7-4668-BE54-9A1E7A4F7556}") = "CustomFormatterWebApp", "src\CustomFormatterWebApp\CustomFormatterWebApp.csproj", "{AF0FE8C6-126F-446F-BDAB-6C1E6EE98815}"
EndProject
Project("{9A19103F-16F7-4668-BE54-9A1E7A4F7556}") = "CustomFormatterWebApp.Test", "src\CustomFormatterWebApp.Test\CustomFormatterWebApp.Test.csproj", "{3D4BB4BE-F205-4421-B0CF-E720802CF574}"
EndProject
Project("{9A19103F-16F7-4668-BE54-9A1E7A4F7556}") = "AzureAdB2cMsalConsoleApp", "src\AzureAdB2cMsalConsoleApp\AzureAdB2cMsalConsoleApp.csproj", "{296B47DF-C808-4370-BA76-5DCD5D7056B6}"
EndProject
Project("{9A19103F-16F7-4668-BE54-9A1E7A4F7556}") = "AzureAdB2cWebApi", "src\AzureAdB2cWebApi\AzureAdB2cWebApi.csproj", "{67B16C25-9632-4D04-9AEB-56DC51A4E844}"
EndProject
Project("{9A19103F-16F7-4668-BE54-9A1E7A4F7556}") = "FeatureFlagWebApp", "src\FeatureFlagWebApp\FeatureFlagWebApp.csproj", "{2EFD1B28-15EB-4EE7-BD95-808C157BCF35}"
EndProject
Project("{9A19103F-16F7-4668-BE54-9A1E7A4F7556}") = "AzureCosmosDbConsoleApp", "src\AzureCosmosDbConsoleApp\AzureCosmosDbConsoleApp.csproj", "{D5351EDF-F00B-4186-B313-0EC74C1BCBD2}"
EndProject
Project("{9A19103F-16F7-4668-BE54-9A1E7A4F7556}") = "LinkWebApp", "src\LinkWebApp\LinkWebApp.csproj", "{3D4CB016-A434-4DE1-98C6-337572A754C9}"
EndProject
Project("{9A19103F-16F7-4668-BE54-9A1E7A4F7556}") = "LinkWebApp.Test", "src\LinkWebApp.Test\LinkWebApp.Test.csproj", "{AB79EF86-3667-4831-825F-5AD2B3327C8A}"
EndProject
Project("{9A19103F-16F7-4668-BE54-9A1E7A4F7556}") = "HealthCheckWebApp", "src\HealthCheckWebApp\HealthCheckWebApp.csproj", "{324A0166-5FA6-4187-B587-BB51177D3815}"
EndProject
Project("{9A19103F-16F7-4668-BE54-9A1E7A4F7556}") = "JwtBearerAuthnWebApp", "src\JwtBearerAuthnWebApp\JwtBearerAuthnWebApp.csproj", "{39511B3C-80D5-4A01-8268-C84E884EE17F}"
EndProject
Project("{9A19103F-16F7-4668-BE54-9A1E7A4F7556}") = "OpenIdConnectWebApp", "src\OpenIdConnectWebApp\OpenIdConnectWebApp.csproj", "{9169C858-A781-458D-BD80-5DAFF0E4BAF9}"
EndProject
Project("{9A19103F-16F7-4668-BE54-9A1E7A4F7556}") = "RazorPageWebApp", "src\RazorPageWebApp\RazorPageWebApp.csproj", "{AD2A7230-A91F-4AB2-8002-D28A424A4B3C}"
EndProject
Project("{9A19103F-16F7-4668-BE54-9A1E7A4F7556}") = "AzureAdB2cGraphConsoleApp", "src\AzureAdB2cGraphConsoleApp\AzureAdB2cGraphConsoleApp.csproj", "{D6604E96-8541-42B6-9895-11F66186597C}"
EndProject
Project("{FAE04EC0-301F-11D3-BF4B-00C04F79EFBC}") = "AzureAdB2cApiConnectorWebApp", "src\AzureAdB2cApiConnectorWebApp\AzureAdB2cApiConnectorWebApp.csproj", "{6357B815-4237-4BCE-854C-49F5DD024383}"
EndProject
Global
	GlobalSection(SolutionConfigurationPlatforms) = preSolution
		Debug|Any CPU = Debug|Any CPU
		Release|Any CPU = Release|Any CPU
	EndGlobalSection
	GlobalSection(ProjectConfigurationPlatforms) = postSolution
		{2E6B1D40-1E31-4E2B-BB21-D52549DB414D}.Debug|Any CPU.ActiveCfg = Debug|Any CPU
		{2E6B1D40-1E31-4E2B-BB21-D52549DB414D}.Debug|Any CPU.Build.0 = Debug|Any CPU
		{2E6B1D40-1E31-4E2B-BB21-D52549DB414D}.Release|Any CPU.ActiveCfg = Release|Any CPU
		{2E6B1D40-1E31-4E2B-BB21-D52549DB414D}.Release|Any CPU.Build.0 = Release|Any CPU
		{E233E3A1-45A0-4F4E-8A50-D143D2A3197A}.Debug|Any CPU.ActiveCfg = Debug|Any CPU
		{E233E3A1-45A0-4F4E-8A50-D143D2A3197A}.Debug|Any CPU.Build.0 = Debug|Any CPU
		{E233E3A1-45A0-4F4E-8A50-D143D2A3197A}.Release|Any CPU.ActiveCfg = Release|Any CPU
		{E233E3A1-45A0-4F4E-8A50-D143D2A3197A}.Release|Any CPU.Build.0 = Release|Any CPU
		{A3993478-16C9-4163-B0FC-740D4DCC687B}.Debug|Any CPU.ActiveCfg = Debug|Any CPU
		{A3993478-16C9-4163-B0FC-740D4DCC687B}.Debug|Any CPU.Build.0 = Debug|Any CPU
		{A3993478-16C9-4163-B0FC-740D4DCC687B}.Release|Any CPU.ActiveCfg = Release|Any CPU
		{A3993478-16C9-4163-B0FC-740D4DCC687B}.Release|Any CPU.Build.0 = Release|Any CPU
		{5551F546-AFD2-448B-8313-062712B02CC4}.Debug|Any CPU.ActiveCfg = Debug|Any CPU
		{5551F546-AFD2-448B-8313-062712B02CC4}.Debug|Any CPU.Build.0 = Debug|Any CPU
		{5551F546-AFD2-448B-8313-062712B02CC4}.Release|Any CPU.ActiveCfg = Release|Any CPU
		{5551F546-AFD2-448B-8313-062712B02CC4}.Release|Any CPU.Build.0 = Release|Any CPU
		{756760D5-6DFC-42EF-86B1-91FB914FAC73}.Debug|Any CPU.ActiveCfg = Debug|Any CPU
		{756760D5-6DFC-42EF-86B1-91FB914FAC73}.Debug|Any CPU.Build.0 = Debug|Any CPU
		{756760D5-6DFC-42EF-86B1-91FB914FAC73}.Release|Any CPU.ActiveCfg = Release|Any CPU
		{756760D5-6DFC-42EF-86B1-91FB914FAC73}.Release|Any CPU.Build.0 = Release|Any CPU
		{DE7E8983-CA5D-48E4-B483-9CB18811A252}.Debug|Any CPU.ActiveCfg = Debug|Any CPU
		{DE7E8983-CA5D-48E4-B483-9CB18811A252}.Debug|Any CPU.Build.0 = Debug|Any CPU
		{DE7E8983-CA5D-48E4-B483-9CB18811A252}.Release|Any CPU.ActiveCfg = Release|Any CPU
		{DE7E8983-CA5D-48E4-B483-9CB18811A252}.Release|Any CPU.Build.0 = Release|Any CPU
		{5A05923F-DF5E-4AB0-BC98-291C54711848}.Debug|Any CPU.ActiveCfg = Debug|Any CPU
		{5A05923F-DF5E-4AB0-BC98-291C54711848}.Debug|Any CPU.Build.0 = Debug|Any CPU
		{5A05923F-DF5E-4AB0-BC98-291C54711848}.Release|Any CPU.ActiveCfg = Release|Any CPU
		{5A05923F-DF5E-4AB0-BC98-291C54711848}.Release|Any CPU.Build.0 = Release|Any CPU
		{514329FD-E855-4100-AE69-09E0C0D65005}.Debug|Any CPU.ActiveCfg = Debug|Any CPU
		{514329FD-E855-4100-AE69-09E0C0D65005}.Debug|Any CPU.Build.0 = Debug|Any CPU
		{514329FD-E855-4100-AE69-09E0C0D65005}.Release|Any CPU.ActiveCfg = Release|Any CPU
		{514329FD-E855-4100-AE69-09E0C0D65005}.Release|Any CPU.Build.0 = Release|Any CPU
		{96A38E1B-714A-46CE-93DB-CAD8CF535BEE}.Debug|Any CPU.ActiveCfg = Debug|Any CPU
		{96A38E1B-714A-46CE-93DB-CAD8CF535BEE}.Debug|Any CPU.Build.0 = Debug|Any CPU
		{96A38E1B-714A-46CE-93DB-CAD8CF535BEE}.Release|Any CPU.ActiveCfg = Release|Any CPU
		{96A38E1B-714A-46CE-93DB-CAD8CF535BEE}.Release|Any CPU.Build.0 = Release|Any CPU
		{587D0410-C40D-499D-B416-83427D057A21}.Debug|Any CPU.ActiveCfg = Debug|Any CPU
		{587D0410-C40D-499D-B416-83427D057A21}.Debug|Any CPU.Build.0 = Debug|Any CPU
		{587D0410-C40D-499D-B416-83427D057A21}.Release|Any CPU.ActiveCfg = Release|Any CPU
		{587D0410-C40D-499D-B416-83427D057A21}.Release|Any CPU.Build.0 = Release|Any CPU
		{D75D32D2-763E-4A91-9E1F-4AEDA6654C48}.Debug|Any CPU.ActiveCfg = Debug|Any CPU
		{D75D32D2-763E-4A91-9E1F-4AEDA6654C48}.Debug|Any CPU.Build.0 = Debug|Any CPU
		{D75D32D2-763E-4A91-9E1F-4AEDA6654C48}.Release|Any CPU.ActiveCfg = Release|Any CPU
		{D75D32D2-763E-4A91-9E1F-4AEDA6654C48}.Release|Any CPU.Build.0 = Release|Any CPU
		{EDB0769B-287A-4F82-98BF-E46B2CE2035B}.Debug|Any CPU.ActiveCfg = Debug|Any CPU
		{EDB0769B-287A-4F82-98BF-E46B2CE2035B}.Debug|Any CPU.Build.0 = Debug|Any CPU
		{EDB0769B-287A-4F82-98BF-E46B2CE2035B}.Release|Any CPU.ActiveCfg = Release|Any CPU
		{EDB0769B-287A-4F82-98BF-E46B2CE2035B}.Release|Any CPU.Build.0 = Release|Any CPU
		{3EFDD1D1-119B-4841-9F53-B984F2C75C1E}.Debug|Any CPU.ActiveCfg = Debug|Any CPU
		{3EFDD1D1-119B-4841-9F53-B984F2C75C1E}.Debug|Any CPU.Build.0 = Debug|Any CPU
		{3EFDD1D1-119B-4841-9F53-B984F2C75C1E}.Release|Any CPU.ActiveCfg = Release|Any CPU
		{3EFDD1D1-119B-4841-9F53-B984F2C75C1E}.Release|Any CPU.Build.0 = Release|Any CPU
		{44D42FCB-45B0-4CE3-9C30-E140E843F736}.Debug|Any CPU.ActiveCfg = Debug|Any CPU
		{44D42FCB-45B0-4CE3-9C30-E140E843F736}.Debug|Any CPU.Build.0 = Debug|Any CPU
		{44D42FCB-45B0-4CE3-9C30-E140E843F736}.Release|Any CPU.ActiveCfg = Release|Any CPU
		{44D42FCB-45B0-4CE3-9C30-E140E843F736}.Release|Any CPU.Build.0 = Release|Any CPU
		{F07FC18D-C309-4AFA-8C98-BB1818025ABA}.Debug|Any CPU.ActiveCfg = Debug|Any CPU
		{F07FC18D-C309-4AFA-8C98-BB1818025ABA}.Debug|Any CPU.Build.0 = Debug|Any CPU
		{F07FC18D-C309-4AFA-8C98-BB1818025ABA}.Release|Any CPU.ActiveCfg = Release|Any CPU
		{F07FC18D-C309-4AFA-8C98-BB1818025ABA}.Release|Any CPU.Build.0 = Release|Any CPU
		{096308B7-7C74-4BAB-B716-B7FCB3F2F5AA}.Debug|Any CPU.ActiveCfg = Debug|Any CPU
		{096308B7-7C74-4BAB-B716-B7FCB3F2F5AA}.Debug|Any CPU.Build.0 = Debug|Any CPU
		{096308B7-7C74-4BAB-B716-B7FCB3F2F5AA}.Release|Any CPU.ActiveCfg = Release|Any CPU
		{096308B7-7C74-4BAB-B716-B7FCB3F2F5AA}.Release|Any CPU.Build.0 = Release|Any CPU
		{40713E23-9766-4A9C-8DCF-F3CD3716F6C6}.Debug|Any CPU.ActiveCfg = Debug|Any CPU
		{40713E23-9766-4A9C-8DCF-F3CD3716F6C6}.Debug|Any CPU.Build.0 = Debug|Any CPU
		{40713E23-9766-4A9C-8DCF-F3CD3716F6C6}.Release|Any CPU.ActiveCfg = Release|Any CPU
		{40713E23-9766-4A9C-8DCF-F3CD3716F6C6}.Release|Any CPU.Build.0 = Release|Any CPU
		{9C4CC5CE-3415-4186-B269-F42C9F71685F}.Debug|Any CPU.ActiveCfg = Debug|Any CPU
		{9C4CC5CE-3415-4186-B269-F42C9F71685F}.Debug|Any CPU.Build.0 = Debug|Any CPU
		{9C4CC5CE-3415-4186-B269-F42C9F71685F}.Release|Any CPU.ActiveCfg = Release|Any CPU
		{9C4CC5CE-3415-4186-B269-F42C9F71685F}.Release|Any CPU.Build.0 = Release|Any CPU
		{F8E28BDF-27A9-4279-B604-49BC8D59A901}.Debug|Any CPU.ActiveCfg = Debug|Any CPU
		{F8E28BDF-27A9-4279-B604-49BC8D59A901}.Debug|Any CPU.Build.0 = Debug|Any CPU
		{F8E28BDF-27A9-4279-B604-49BC8D59A901}.Release|Any CPU.ActiveCfg = Release|Any CPU
		{F8E28BDF-27A9-4279-B604-49BC8D59A901}.Release|Any CPU.Build.0 = Release|Any CPU
		{A83998A6-E4C7-4C39-8AA9-25C4608002E9}.Debug|Any CPU.ActiveCfg = Debug|Any CPU
		{A83998A6-E4C7-4C39-8AA9-25C4608002E9}.Debug|Any CPU.Build.0 = Debug|Any CPU
		{A83998A6-E4C7-4C39-8AA9-25C4608002E9}.Release|Any CPU.ActiveCfg = Release|Any CPU
		{A83998A6-E4C7-4C39-8AA9-25C4608002E9}.Release|Any CPU.Build.0 = Release|Any CPU
		{46683DC3-6D15-4637-A309-7D58D4A72BB0}.Debug|Any CPU.ActiveCfg = Debug|Any CPU
		{46683DC3-6D15-4637-A309-7D58D4A72BB0}.Debug|Any CPU.Build.0 = Debug|Any CPU
		{46683DC3-6D15-4637-A309-7D58D4A72BB0}.Release|Any CPU.ActiveCfg = Release|Any CPU
		{46683DC3-6D15-4637-A309-7D58D4A72BB0}.Release|Any CPU.Build.0 = Release|Any CPU
		{BE9A0FAD-8BD6-4018-BEE7-331EB5E3E461}.Debug|Any CPU.ActiveCfg = Debug|Any CPU
		{BE9A0FAD-8BD6-4018-BEE7-331EB5E3E461}.Debug|Any CPU.Build.0 = Debug|Any CPU
		{BE9A0FAD-8BD6-4018-BEE7-331EB5E3E461}.Release|Any CPU.ActiveCfg = Release|Any CPU
		{BE9A0FAD-8BD6-4018-BEE7-331EB5E3E461}.Release|Any CPU.Build.0 = Release|Any CPU
		{A90FE479-2DA2-42F4-B771-D6E8B4163116}.Debug|Any CPU.ActiveCfg = Debug|Any CPU
		{A90FE479-2DA2-42F4-B771-D6E8B4163116}.Debug|Any CPU.Build.0 = Debug|Any CPU
		{A90FE479-2DA2-42F4-B771-D6E8B4163116}.Release|Any CPU.ActiveCfg = Release|Any CPU
		{A90FE479-2DA2-42F4-B771-D6E8B4163116}.Release|Any CPU.Build.0 = Release|Any CPU
		{DE492D87-1FE4-4417-B025-87E39C7A7697}.Debug|Any CPU.ActiveCfg = Debug|Any CPU
		{DE492D87-1FE4-4417-B025-87E39C7A7697}.Debug|Any CPU.Build.0 = Debug|Any CPU
		{DE492D87-1FE4-4417-B025-87E39C7A7697}.Release|Any CPU.ActiveCfg = Release|Any CPU
		{DE492D87-1FE4-4417-B025-87E39C7A7697}.Release|Any CPU.Build.0 = Release|Any CPU
		{2646AE7A-7F80-4644-9E61-84340314DE8C}.Debug|Any CPU.ActiveCfg = Debug|Any CPU
		{2646AE7A-7F80-4644-9E61-84340314DE8C}.Debug|Any CPU.Build.0 = Debug|Any CPU
		{2646AE7A-7F80-4644-9E61-84340314DE8C}.Release|Any CPU.ActiveCfg = Release|Any CPU
		{2646AE7A-7F80-4644-9E61-84340314DE8C}.Release|Any CPU.Build.0 = Release|Any CPU
		{1A567275-2580-4779-BA44-47DBA8DD8559}.Debug|Any CPU.ActiveCfg = Debug|Any CPU
		{1A567275-2580-4779-BA44-47DBA8DD8559}.Debug|Any CPU.Build.0 = Debug|Any CPU
		{1A567275-2580-4779-BA44-47DBA8DD8559}.Release|Any CPU.ActiveCfg = Release|Any CPU
		{1A567275-2580-4779-BA44-47DBA8DD8559}.Release|Any CPU.Build.0 = Release|Any CPU
		{5B46D582-FC21-4A36-B8D0-310602BB75BC}.Debug|Any CPU.ActiveCfg = Debug|Any CPU
		{5B46D582-FC21-4A36-B8D0-310602BB75BC}.Debug|Any CPU.Build.0 = Debug|Any CPU
		{5B46D582-FC21-4A36-B8D0-310602BB75BC}.Release|Any CPU.ActiveCfg = Release|Any CPU
		{5B46D582-FC21-4A36-B8D0-310602BB75BC}.Release|Any CPU.Build.0 = Release|Any CPU
		{5FF76C48-6209-4FCA-99BC-725642F72962}.Debug|Any CPU.ActiveCfg = Debug|Any CPU
		{5FF76C48-6209-4FCA-99BC-725642F72962}.Debug|Any CPU.Build.0 = Debug|Any CPU
		{5FF76C48-6209-4FCA-99BC-725642F72962}.Release|Any CPU.ActiveCfg = Release|Any CPU
		{5FF76C48-6209-4FCA-99BC-725642F72962}.Release|Any CPU.Build.0 = Release|Any CPU
		{79E423F7-73F0-49B2-9BF6-AA8FF2763830}.Debug|Any CPU.ActiveCfg = Debug|Any CPU
		{79E423F7-73F0-49B2-9BF6-AA8FF2763830}.Debug|Any CPU.Build.0 = Debug|Any CPU
		{79E423F7-73F0-49B2-9BF6-AA8FF2763830}.Release|Any CPU.ActiveCfg = Release|Any CPU
		{79E423F7-73F0-49B2-9BF6-AA8FF2763830}.Release|Any CPU.Build.0 = Release|Any CPU
		{ACAB1F35-BA94-4EA5-9A8A-7B81AD234F7E}.Debug|Any CPU.ActiveCfg = Debug|Any CPU
		{ACAB1F35-BA94-4EA5-9A8A-7B81AD234F7E}.Debug|Any CPU.Build.0 = Debug|Any CPU
		{ACAB1F35-BA94-4EA5-9A8A-7B81AD234F7E}.Release|Any CPU.ActiveCfg = Release|Any CPU
		{ACAB1F35-BA94-4EA5-9A8A-7B81AD234F7E}.Release|Any CPU.Build.0 = Release|Any CPU
		{C9A670AD-E62E-4D86-AB8A-688BD9F878C8}.Debug|Any CPU.ActiveCfg = Debug|Any CPU
		{C9A670AD-E62E-4D86-AB8A-688BD9F878C8}.Debug|Any CPU.Build.0 = Debug|Any CPU
		{C9A670AD-E62E-4D86-AB8A-688BD9F878C8}.Release|Any CPU.ActiveCfg = Release|Any CPU
		{C9A670AD-E62E-4D86-AB8A-688BD9F878C8}.Release|Any CPU.Build.0 = Release|Any CPU
		{74ED9CA3-9C4C-431C-87D5-031F2158E937}.Debug|Any CPU.ActiveCfg = Debug|Any CPU
		{74ED9CA3-9C4C-431C-87D5-031F2158E937}.Debug|Any CPU.Build.0 = Debug|Any CPU
		{74ED9CA3-9C4C-431C-87D5-031F2158E937}.Release|Any CPU.ActiveCfg = Release|Any CPU
		{74ED9CA3-9C4C-431C-87D5-031F2158E937}.Release|Any CPU.Build.0 = Release|Any CPU
		{BB47EDD7-02B8-4BEB-A27A-F2376CB76A51}.Debug|Any CPU.ActiveCfg = Debug|Any CPU
		{BB47EDD7-02B8-4BEB-A27A-F2376CB76A51}.Debug|Any CPU.Build.0 = Debug|Any CPU
		{BB47EDD7-02B8-4BEB-A27A-F2376CB76A51}.Release|Any CPU.ActiveCfg = Release|Any CPU
		{BB47EDD7-02B8-4BEB-A27A-F2376CB76A51}.Release|Any CPU.Build.0 = Release|Any CPU
		{7ECB039D-DD35-459A-A7B0-5A3DE3464AB2}.Debug|Any CPU.ActiveCfg = Debug|Any CPU
		{7ECB039D-DD35-459A-A7B0-5A3DE3464AB2}.Debug|Any CPU.Build.0 = Debug|Any CPU
		{7ECB039D-DD35-459A-A7B0-5A3DE3464AB2}.Release|Any CPU.ActiveCfg = Release|Any CPU
		{7ECB039D-DD35-459A-A7B0-5A3DE3464AB2}.Release|Any CPU.Build.0 = Release|Any CPU
		{42428887-28A6-4B9D-91FB-5F90D8C0D8EC}.Debug|Any CPU.ActiveCfg = Debug|Any CPU
		{42428887-28A6-4B9D-91FB-5F90D8C0D8EC}.Debug|Any CPU.Build.0 = Debug|Any CPU
		{42428887-28A6-4B9D-91FB-5F90D8C0D8EC}.Release|Any CPU.ActiveCfg = Release|Any CPU
		{42428887-28A6-4B9D-91FB-5F90D8C0D8EC}.Release|Any CPU.Build.0 = Release|Any CPU
		{44F219D2-5F99-44A3-9481-58FBE8AA6388}.Debug|Any CPU.ActiveCfg = Debug|Any CPU
		{44F219D2-5F99-44A3-9481-58FBE8AA6388}.Debug|Any CPU.Build.0 = Debug|Any CPU
		{44F219D2-5F99-44A3-9481-58FBE8AA6388}.Release|Any CPU.ActiveCfg = Release|Any CPU
		{44F219D2-5F99-44A3-9481-58FBE8AA6388}.Release|Any CPU.Build.0 = Release|Any CPU
		{23E4E46B-86BB-486E-8EBC-831451729938}.Debug|Any CPU.ActiveCfg = Debug|Any CPU
		{23E4E46B-86BB-486E-8EBC-831451729938}.Debug|Any CPU.Build.0 = Debug|Any CPU
		{23E4E46B-86BB-486E-8EBC-831451729938}.Release|Any CPU.ActiveCfg = Release|Any CPU
		{23E4E46B-86BB-486E-8EBC-831451729938}.Release|Any CPU.Build.0 = Release|Any CPU
		{D26261F7-D82A-49B1-BFDD-9FEFA6CA2EB7}.Debug|Any CPU.ActiveCfg = Debug|Any CPU
		{D26261F7-D82A-49B1-BFDD-9FEFA6CA2EB7}.Debug|Any CPU.Build.0 = Debug|Any CPU
		{D26261F7-D82A-49B1-BFDD-9FEFA6CA2EB7}.Release|Any CPU.ActiveCfg = Release|Any CPU
		{D26261F7-D82A-49B1-BFDD-9FEFA6CA2EB7}.Release|Any CPU.Build.0 = Release|Any CPU
		{53ACC366-37E0-413A-B9E9-C4B07FF20906}.Debug|Any CPU.ActiveCfg = Debug|Any CPU
		{53ACC366-37E0-413A-B9E9-C4B07FF20906}.Debug|Any CPU.Build.0 = Debug|Any CPU
		{53ACC366-37E0-413A-B9E9-C4B07FF20906}.Release|Any CPU.ActiveCfg = Release|Any CPU
		{53ACC366-37E0-413A-B9E9-C4B07FF20906}.Release|Any CPU.Build.0 = Release|Any CPU
		{2BEBF83A-638E-43D9-BCA1-1C4949554B2A}.Debug|Any CPU.ActiveCfg = Debug|Any CPU
		{2BEBF83A-638E-43D9-BCA1-1C4949554B2A}.Debug|Any CPU.Build.0 = Debug|Any CPU
		{2BEBF83A-638E-43D9-BCA1-1C4949554B2A}.Release|Any CPU.ActiveCfg = Release|Any CPU
		{2BEBF83A-638E-43D9-BCA1-1C4949554B2A}.Release|Any CPU.Build.0 = Release|Any CPU
		{F9802D27-7A90-40D3-ADC3-3D50B39F7206}.Debug|Any CPU.ActiveCfg = Debug|Any CPU
		{F9802D27-7A90-40D3-ADC3-3D50B39F7206}.Debug|Any CPU.Build.0 = Debug|Any CPU
		{F9802D27-7A90-40D3-ADC3-3D50B39F7206}.Release|Any CPU.ActiveCfg = Release|Any CPU
		{F9802D27-7A90-40D3-ADC3-3D50B39F7206}.Release|Any CPU.Build.0 = Release|Any CPU
		{AF0FE8C6-126F-446F-BDAB-6C1E6EE98815}.Debug|Any CPU.ActiveCfg = Debug|Any CPU
		{AF0FE8C6-126F-446F-BDAB-6C1E6EE98815}.Debug|Any CPU.Build.0 = Debug|Any CPU
		{AF0FE8C6-126F-446F-BDAB-6C1E6EE98815}.Release|Any CPU.ActiveCfg = Release|Any CPU
		{AF0FE8C6-126F-446F-BDAB-6C1E6EE98815}.Release|Any CPU.Build.0 = Release|Any CPU
		{3D4BB4BE-F205-4421-B0CF-E720802CF574}.Debug|Any CPU.ActiveCfg = Debug|Any CPU
		{3D4BB4BE-F205-4421-B0CF-E720802CF574}.Debug|Any CPU.Build.0 = Debug|Any CPU
		{3D4BB4BE-F205-4421-B0CF-E720802CF574}.Release|Any CPU.ActiveCfg = Release|Any CPU
		{3D4BB4BE-F205-4421-B0CF-E720802CF574}.Release|Any CPU.Build.0 = Release|Any CPU
		{296B47DF-C808-4370-BA76-5DCD5D7056B6}.Debug|Any CPU.ActiveCfg = Debug|Any CPU
		{296B47DF-C808-4370-BA76-5DCD5D7056B6}.Debug|Any CPU.Build.0 = Debug|Any CPU
		{296B47DF-C808-4370-BA76-5DCD5D7056B6}.Release|Any CPU.ActiveCfg = Release|Any CPU
		{296B47DF-C808-4370-BA76-5DCD5D7056B6}.Release|Any CPU.Build.0 = Release|Any CPU
		{67B16C25-9632-4D04-9AEB-56DC51A4E844}.Debug|Any CPU.ActiveCfg = Debug|Any CPU
		{67B16C25-9632-4D04-9AEB-56DC51A4E844}.Debug|Any CPU.Build.0 = Debug|Any CPU
		{67B16C25-9632-4D04-9AEB-56DC51A4E844}.Release|Any CPU.ActiveCfg = Release|Any CPU
		{67B16C25-9632-4D04-9AEB-56DC51A4E844}.Release|Any CPU.Build.0 = Release|Any CPU
		{2EFD1B28-15EB-4EE7-BD95-808C157BCF35}.Debug|Any CPU.ActiveCfg = Debug|Any CPU
		{2EFD1B28-15EB-4EE7-BD95-808C157BCF35}.Debug|Any CPU.Build.0 = Debug|Any CPU
		{2EFD1B28-15EB-4EE7-BD95-808C157BCF35}.Release|Any CPU.ActiveCfg = Release|Any CPU
		{2EFD1B28-15EB-4EE7-BD95-808C157BCF35}.Release|Any CPU.Build.0 = Release|Any CPU
		{D5351EDF-F00B-4186-B313-0EC74C1BCBD2}.Debug|Any CPU.ActiveCfg = Debug|Any CPU
		{D5351EDF-F00B-4186-B313-0EC74C1BCBD2}.Debug|Any CPU.Build.0 = Debug|Any CPU
		{D5351EDF-F00B-4186-B313-0EC74C1BCBD2}.Release|Any CPU.ActiveCfg = Release|Any CPU
		{D5351EDF-F00B-4186-B313-0EC74C1BCBD2}.Release|Any CPU.Build.0 = Release|Any CPU
		{3D4CB016-A434-4DE1-98C6-337572A754C9}.Debug|Any CPU.ActiveCfg = Debug|Any CPU
		{3D4CB016-A434-4DE1-98C6-337572A754C9}.Debug|Any CPU.Build.0 = Debug|Any CPU
		{3D4CB016-A434-4DE1-98C6-337572A754C9}.Release|Any CPU.ActiveCfg = Release|Any CPU
		{3D4CB016-A434-4DE1-98C6-337572A754C9}.Release|Any CPU.Build.0 = Release|Any CPU
		{AB79EF86-3667-4831-825F-5AD2B3327C8A}.Debug|Any CPU.ActiveCfg = Debug|Any CPU
		{AB79EF86-3667-4831-825F-5AD2B3327C8A}.Debug|Any CPU.Build.0 = Debug|Any CPU
		{AB79EF86-3667-4831-825F-5AD2B3327C8A}.Release|Any CPU.ActiveCfg = Release|Any CPU
		{AB79EF86-3667-4831-825F-5AD2B3327C8A}.Release|Any CPU.Build.0 = Release|Any CPU
		{324A0166-5FA6-4187-B587-BB51177D3815}.Debug|Any CPU.ActiveCfg = Debug|Any CPU
		{324A0166-5FA6-4187-B587-BB51177D3815}.Debug|Any CPU.Build.0 = Debug|Any CPU
		{324A0166-5FA6-4187-B587-BB51177D3815}.Release|Any CPU.ActiveCfg = Release|Any CPU
		{324A0166-5FA6-4187-B587-BB51177D3815}.Release|Any CPU.Build.0 = Release|Any CPU
		{39511B3C-80D5-4A01-8268-C84E884EE17F}.Debug|Any CPU.ActiveCfg = Debug|Any CPU
		{39511B3C-80D5-4A01-8268-C84E884EE17F}.Debug|Any CPU.Build.0 = Debug|Any CPU
		{39511B3C-80D5-4A01-8268-C84E884EE17F}.Release|Any CPU.ActiveCfg = Release|Any CPU
		{39511B3C-80D5-4A01-8268-C84E884EE17F}.Release|Any CPU.Build.0 = Release|Any CPU
		{9169C858-A781-458D-BD80-5DAFF0E4BAF9}.Debug|Any CPU.ActiveCfg = Debug|Any CPU
		{9169C858-A781-458D-BD80-5DAFF0E4BAF9}.Debug|Any CPU.Build.0 = Debug|Any CPU
		{9169C858-A781-458D-BD80-5DAFF0E4BAF9}.Release|Any CPU.ActiveCfg = Release|Any CPU
		{9169C858-A781-458D-BD80-5DAFF0E4BAF9}.Release|Any CPU.Build.0 = Release|Any CPU
		{AD2A7230-A91F-4AB2-8002-D28A424A4B3C}.Debug|Any CPU.ActiveCfg = Debug|Any CPU
		{AD2A7230-A91F-4AB2-8002-D28A424A4B3C}.Debug|Any CPU.Build.0 = Debug|Any CPU
		{AD2A7230-A91F-4AB2-8002-D28A424A4B3C}.Release|Any CPU.ActiveCfg = Release|Any CPU
		{AD2A7230-A91F-4AB2-8002-D28A424A4B3C}.Release|Any CPU.Build.0 = Release|Any CPU
		{D6604E96-8541-42B6-9895-11F66186597C}.Debug|Any CPU.ActiveCfg = Debug|Any CPU
		{D6604E96-8541-42B6-9895-11F66186597C}.Debug|Any CPU.Build.0 = Debug|Any CPU
		{D6604E96-8541-42B6-9895-11F66186597C}.Release|Any CPU.ActiveCfg = Release|Any CPU
		{D6604E96-8541-42B6-9895-11F66186597C}.Release|Any CPU.Build.0 = Release|Any CPU
		{6357B815-4237-4BCE-854C-49F5DD024383}.Debug|Any CPU.ActiveCfg = Debug|Any CPU
		{6357B815-4237-4BCE-854C-49F5DD024383}.Debug|Any CPU.Build.0 = Debug|Any CPU
		{6357B815-4237-4BCE-854C-49F5DD024383}.Release|Any CPU.ActiveCfg = Release|Any CPU
		{6357B815-4237-4BCE-854C-49F5DD024383}.Release|Any CPU.Build.0 = Release|Any CPU
	EndGlobalSection
	GlobalSection(SolutionProperties) = preSolution
		HideSolutionNode = FALSE
	EndGlobalSection
	GlobalSection(NestedProjects) = preSolution
		{E233E3A1-45A0-4F4E-8A50-D143D2A3197A} = {512A5E50-BE18-4761-BA83-E56F4EC43B9E}
		{A3993478-16C9-4163-B0FC-740D4DCC687B} = {512A5E50-BE18-4761-BA83-E56F4EC43B9E}
		{5551F546-AFD2-448B-8313-062712B02CC4} = {512A5E50-BE18-4761-BA83-E56F4EC43B9E}
		{756760D5-6DFC-42EF-86B1-91FB914FAC73} = {512A5E50-BE18-4761-BA83-E56F4EC43B9E}
		{DE7E8983-CA5D-48E4-B483-9CB18811A252} = {512A5E50-BE18-4761-BA83-E56F4EC43B9E}
		{96A38E1B-714A-46CE-93DB-CAD8CF535BEE} = {512A5E50-BE18-4761-BA83-E56F4EC43B9E}
		{587D0410-C40D-499D-B416-83427D057A21} = {512A5E50-BE18-4761-BA83-E56F4EC43B9E}
		{D75D32D2-763E-4A91-9E1F-4AEDA6654C48} = {798EF2B5-D82E-49ED-8EDE-BD3B20040D59}
		{EDB0769B-287A-4F82-98BF-E46B2CE2035B} = {798EF2B5-D82E-49ED-8EDE-BD3B20040D59}
		{3EFDD1D1-119B-4841-9F53-B984F2C75C1E} = {798EF2B5-D82E-49ED-8EDE-BD3B20040D59}
		{44D42FCB-45B0-4CE3-9C30-E140E843F736} = {798EF2B5-D82E-49ED-8EDE-BD3B20040D59}
		{F07FC18D-C309-4AFA-8C98-BB1818025ABA} = {798EF2B5-D82E-49ED-8EDE-BD3B20040D59}
		{096308B7-7C74-4BAB-B716-B7FCB3F2F5AA} = {512A5E50-BE18-4761-BA83-E56F4EC43B9E}
		{40713E23-9766-4A9C-8DCF-F3CD3716F6C6} = {512A5E50-BE18-4761-BA83-E56F4EC43B9E}
		{9C4CC5CE-3415-4186-B269-F42C9F71685F} = {512A5E50-BE18-4761-BA83-E56F4EC43B9E}
		{F8E28BDF-27A9-4279-B604-49BC8D59A901} = {512A5E50-BE18-4761-BA83-E56F4EC43B9E}
		{A83998A6-E4C7-4C39-8AA9-25C4608002E9} = {512A5E50-BE18-4761-BA83-E56F4EC43B9E}
		{46683DC3-6D15-4637-A309-7D58D4A72BB0} = {512A5E50-BE18-4761-BA83-E56F4EC43B9E}
		{BE9A0FAD-8BD6-4018-BEE7-331EB5E3E461} = {512A5E50-BE18-4761-BA83-E56F4EC43B9E}
		{A90FE479-2DA2-42F4-B771-D6E8B4163116} = {512A5E50-BE18-4761-BA83-E56F4EC43B9E}
		{DE492D87-1FE4-4417-B025-87E39C7A7697} = {512A5E50-BE18-4761-BA83-E56F4EC43B9E}
		{2646AE7A-7F80-4644-9E61-84340314DE8C} = {512A5E50-BE18-4761-BA83-E56F4EC43B9E}
		{1A567275-2580-4779-BA44-47DBA8DD8559} = {512A5E50-BE18-4761-BA83-E56F4EC43B9E}
		{5B46D582-FC21-4A36-B8D0-310602BB75BC} = {512A5E50-BE18-4761-BA83-E56F4EC43B9E}
		{5FF76C48-6209-4FCA-99BC-725642F72962} = {512A5E50-BE18-4761-BA83-E56F4EC43B9E}
		{79E423F7-73F0-49B2-9BF6-AA8FF2763830} = {512A5E50-BE18-4761-BA83-E56F4EC43B9E}
		{ACAB1F35-BA94-4EA5-9A8A-7B81AD234F7E} = {512A5E50-BE18-4761-BA83-E56F4EC43B9E}
		{C9A670AD-E62E-4D86-AB8A-688BD9F878C8} = {512A5E50-BE18-4761-BA83-E56F4EC43B9E}
		{74ED9CA3-9C4C-431C-87D5-031F2158E937} = {798EF2B5-D82E-49ED-8EDE-BD3B20040D59}
		{BB47EDD7-02B8-4BEB-A27A-F2376CB76A51} = {798EF2B5-D82E-49ED-8EDE-BD3B20040D59}
		{7ECB039D-DD35-459A-A7B0-5A3DE3464AB2} = {512A5E50-BE18-4761-BA83-E56F4EC43B9E}
		{42428887-28A6-4B9D-91FB-5F90D8C0D8EC} = {512A5E50-BE18-4761-BA83-E56F4EC43B9E}
		{44F219D2-5F99-44A3-9481-58FBE8AA6388} = {798EF2B5-D82E-49ED-8EDE-BD3B20040D59}
		{23E4E46B-86BB-486E-8EBC-831451729938} = {798EF2B5-D82E-49ED-8EDE-BD3B20040D59}
		{D26261F7-D82A-49B1-BFDD-9FEFA6CA2EB7} = {512A5E50-BE18-4761-BA83-E56F4EC43B9E}
		{53ACC366-37E0-413A-B9E9-C4B07FF20906} = {512A5E50-BE18-4761-BA83-E56F4EC43B9E}
		{2BEBF83A-638E-43D9-BCA1-1C4949554B2A} = {512A5E50-BE18-4761-BA83-E56F4EC43B9E}
		{F9802D27-7A90-40D3-ADC3-3D50B39F7206} = {512A5E50-BE18-4761-BA83-E56F4EC43B9E}
		{AF0FE8C6-126F-446F-BDAB-6C1E6EE98815} = {512A5E50-BE18-4761-BA83-E56F4EC43B9E}
		{3D4BB4BE-F205-4421-B0CF-E720802CF574} = {512A5E50-BE18-4761-BA83-E56F4EC43B9E}
		{296B47DF-C808-4370-BA76-5DCD5D7056B6} = {798EF2B5-D82E-49ED-8EDE-BD3B20040D59}
		{67B16C25-9632-4D04-9AEB-56DC51A4E844} = {512A5E50-BE18-4761-BA83-E56F4EC43B9E}
		{2EFD1B28-15EB-4EE7-BD95-808C157BCF35} = {512A5E50-BE18-4761-BA83-E56F4EC43B9E}
		{D5351EDF-F00B-4186-B313-0EC74C1BCBD2} = {798EF2B5-D82E-49ED-8EDE-BD3B20040D59}
		{3D4CB016-A434-4DE1-98C6-337572A754C9} = {512A5E50-BE18-4761-BA83-E56F4EC43B9E}
		{AB79EF86-3667-4831-825F-5AD2B3327C8A} = {512A5E50-BE18-4761-BA83-E56F4EC43B9E}
		{324A0166-5FA6-4187-B587-BB51177D3815} = {512A5E50-BE18-4761-BA83-E56F4EC43B9E}
		{39511B3C-80D5-4A01-8268-C84E884EE17F} = {512A5E50-BE18-4761-BA83-E56F4EC43B9E}
		{9169C858-A781-458D-BD80-5DAFF0E4BAF9} = {512A5E50-BE18-4761-BA83-E56F4EC43B9E}
		{AD2A7230-A91F-4AB2-8002-D28A424A4B3C} = {512A5E50-BE18-4761-BA83-E56F4EC43B9E}
		{D6604E96-8541-42B6-9895-11F66186597C} = {798EF2B5-D82E-49ED-8EDE-BD3B20040D59}
		{6357B815-4237-4BCE-854C-49F5DD024383} = {512A5E50-BE18-4761-BA83-E56F4EC43B9E}
	EndGlobalSection
	GlobalSection(ExtensibilityGlobals) = postSolution
		SolutionGuid = {D8A5A7FA-225F-46ED-9227-A5AB57BDF755}
	EndGlobalSection
EndGlobal
